
Microsoft Visual Studio Solution File, Format Version 12.00
# Visual Studio Version 17
VisualStudioVersion = 17.11.35303.130
MinimumVisualStudioVersion = 10.0.40219.1
Project("{FAE04EC0-301F-11D3-BF4B-00C04F79EFBC}") = "Bai4.1", "Bai4.1\Bai4.1.csproj", "{2E930475-828C-401C-B2E1-EE03FFB95286}"
EndProject
Project("{FAE04EC0-301F-11D3-BF4B-00C04F79EFBC}") = "Bai4.2", "Bai4.2\Bai4.2.csproj", "{04D8E59E-CABC-4B84-9FDC-ECAEA56AE4C5}"
EndProject
Project("{FAE04EC0-301F-11D3-BF4B-00C04F79EFBC}") = "Bai4.3", "Bai4.3\Bai4.3.csproj", "{F731C361-1DC9-42A4-BD3E-702AA51CAA6D}"
EndProject
Project("{FAE04EC0-301F-11D3-BF4B-00C04F79EFBC}") = "Bai3.2", "Bai3.2\Bai3.2.csproj", "{6BE9647C-AF36-49BD-8B70-89798710AEF9}"
EndProject
Project("{FAE04EC0-301F-11D3-BF4B-00C04F79EFBC}") = "Bai3.3", "Bai3.3\Bai3.3.csproj", "{847F2BAC-141F-4074-AD3E-A7A41B883460}"
EndProject
Project("{FAE04EC0-301F-11D3-BF4B-00C04F79EFBC}") = "Bai3.4", "Bai3.4\Bai3.4.csproj", "{446DADD5-484E-4D65-B80E-10C7459EA3BF}"
EndProject
Project("{FAE04EC0-301F-11D3-BF4B-00C04F79EFBC}") = "Bai3.5", "Bai3.5\Bai3.5.csproj", "{C5527F5F-5A75-4F25-88E5-6D3276DA1484}"
EndProject
Project("{FAE04EC0-301F-11D3-BF4B-00C04F79EFBC}") = "Bai3.1", "Bai3.1\Bai3.1.csproj", "{59A45206-8035-4F3C-8F9E-2E51AF6346B9}"
EndProject
Project("{FAE04EC0-301F-11D3-BF4B-00C04F79EFBC}") = "Bai3.0", "Bai3.0\Bai3.0.csproj", "{E91D903E-C1A0-402F-8642-8EB881AA5E25}"
EndProject
Project("{FAE04EC0-301F-11D3-BF4B-00C04F79EFBC}") = "Bai5.1", "Bai5.1\Bai5.1.csproj", "{14E2495B-0766-4C8D-AA07-EE2281FEDD2B}"
EndProject
Project("{FAE04EC0-301F-11D3-BF4B-00C04F79EFBC}") = "Bai5.2", "Bai5.2\Bai5.2.csproj", "{0441851B-155B-4308-9AE9-EC2993E01969}"
EndProject
Project("{FAE04EC0-301F-11D3-BF4B-00C04F79EFBC}") = "Bai5.3", "Bai5.3\Bai5.3.csproj", "{3C0122DF-8E0C-42B9-A105-EABDDDE8FEF9}"
EndProject
Project("{FAE04EC0-301F-11D3-BF4B-00C04F79EFBC}") = "Bai5.4", "Bai5.4\Bai5.4.csproj", "{62858047-BCC5-477B-BAE3-F33A311E857F}"
EndProject
Project("{FAE04EC0-301F-11D3-BF4B-00C04F79EFBC}") = "Bai5.5", "Bai5.5\Bai5.5.csproj", "{176CCD5B-53C2-4608-BE90-CA70779EB131}"
EndProject
Project("{FAE04EC0-301F-11D3-BF4B-00C04F79EFBC}") = "Bai5.6", "Bai5.6\Bai5.6.csproj", "{8E6E4160-0924-402C-A761-B5CB7B36BDDF}"
EndProject
Project("{FAE04EC0-301F-11D3-BF4B-00C04F79EFBC}") = "Bai5.7", "Bai5.7\Bai5.7.csproj", "{F7DC0BA4-E2D7-4B7B-95ED-5DB1C561EA90}"
EndProject
Project("{FAE04EC0-301F-11D3-BF4B-00C04F79EFBC}") = "Bai6.1", "Bai6.1\Bai6.1.csproj", "{BE7A1833-2153-4FAD-A8AD-716B0276F405}"
EndProject
Project("{FAE04EC0-301F-11D3-BF4B-00C04F79EFBC}") = "Bai6.2", "Bai6.2\Bai6.2.csproj", "{AB256D71-A3E6-4043-A5B8-98FFC2E15C4E}"
EndProject
Project("{FAE04EC0-301F-11D3-BF4B-00C04F79EFBC}") = "Bai6.3", "Bai6.3\Bai6.3.csproj", "{6EC3C039-45B5-4442-A43D-E2D6231ED689}"
EndProject
Project("{FAE04EC0-301F-11D3-BF4B-00C04F79EFBC}") = "Bai6.4", "Bai6.4\Bai6.4.csproj", "{0E815FF5-257E-449E-BCCD-45758D75458A}"
EndProject
Project("{FAE04EC0-301F-11D3-BF4B-00C04F79EFBC}") = "Bai7.1", "Bai7.1\Bai7.1.csproj", "{773FC2B1-1A92-41F4-8A55-25D484337BCA}"
EndProject
Project("{FAE04EC0-301F-11D3-BF4B-00C04F79EFBC}") = "Bai7.2", "Bai7.2\Bai7.2.csproj", "{E6625C3F-F78A-4FFD-875E-8D65DE066D2C}"
EndProject
Project("{FAE04EC0-301F-11D3-BF4B-00C04F79EFBC}") = "QuanLySinhVien", "QuanLySinhVien\QuanLySinhVien.csproj", "{2E7BA077-D058-438A-914C-DC72C1F683F2}"
EndProject
Project("{FAE04EC0-301F-11D3-BF4B-00C04F79EFBC}") = "Bai1.1", "Bai1.1\Bai1.1.csproj", "{840CB7BA-1B51-4DDB-86D0-6CDEA284357D}"
EndProject
Project("{FAE04EC0-301F-11D3-BF4B-00C04F79EFBC}") = "Bai1.2", "Bai1.2\Bai1.2.csproj", "{BCCEC35A-A6E0-4474-A210-BF603A253D61}"
EndProject
Project("{FAE04EC0-301F-11D3-BF4B-00C04F79EFBC}") = "Bai1.3", "Bai1.3\Bai1.3.csproj", "{CB05E72D-FA79-437B-8413-08D1EFE4B680}"
EndProject
Project("{FAE04EC0-301F-11D3-BF4B-00C04F79EFBC}") = "Bai1.4", "Bai1.4\Bai1.4.csproj", "{10CABF69-40CB-4D9F-ABF8-1229CEBF08C7}"
EndProject
Project("{FAE04EC0-301F-11D3-BF4B-00C04F79EFBC}") = "Bai1.5", "Bai1.5\Bai1.5.csproj", "{450F7248-FF92-4A04-A5AC-0DE6599D2B35}"
EndProject
Project("{FAE04EC0-301F-11D3-BF4B-00C04F79EFBC}") = "Bai1.6", "Bai1.6\Bai1.6.csproj", "{D7467EF5-3851-48BD-B44B-DB6AC0B1654F}"
EndProject
Project("{FAE04EC0-301F-11D3-BF4B-00C04F79EFBC}") = "Bai1.7", "Bai1.7\Bai1.7.csproj", "{D0CA718F-8E47-4BC7-B4F4-1B4741AFA84D}"
EndProject
Project("{FAE04EC0-301F-11D3-BF4B-00C04F79EFBC}") = "Bai1.8", "Bai1.8\Bai1.8.csproj", "{B0B7886B-4502-4608-B6C9-BD3710FED64F}"
EndProject
Project("{FAE04EC0-301F-11D3-BF4B-00C04F79EFBC}") = "Bai2.2.1", "Bai2.2.1\Bai2.2.1.csproj", "{911FF772-F62E-45F7-9185-035E067F1373}"
EndProject
Project("{FAE04EC0-301F-11D3-BF4B-00C04F79EFBC}") = "Bai2.2.2", "Bai2.2.2\Bai2.2.2.csproj", "{A12CA189-A2EA-4CC4-BBF5-77767C10F913}"
EndProject
Project("{FAE04EC0-301F-11D3-BF4B-00C04F79EFBC}") = "Bai2.2.3", "Bai2.2.3\Bai2.2.3.csproj", "{C38AAE7C-75A6-48C0-80C3-BDB770E3728B}"
EndProject
Project("{FAE04EC0-301F-11D3-BF4B-00C04F79EFBC}") = "Bai2.2.4", "Bai2.2.4\Bai2.2.4.csproj", "{70A06ED9-BA28-457E-A987-8000B1CD7328}"
EndProject
Project("{FAE04EC0-301F-11D3-BF4B-00C04F79EFBC}") = "Bai2.2.5", "Bai2.2.5\Bai2.2.5.csproj", "{FACA93B7-0461-4B22-AEC0-4D99D5BCFB35}"
EndProject
Project("{FAE04EC0-301F-11D3-BF4B-00C04F79EFBC}") = "Bai2.2.6", "Bai2.2.6\Bai2.2.6.csproj", "{603927D8-0C89-4855-9524-890CE9FC7E97}"
EndProject
Project("{FAE04EC0-301F-11D3-BF4B-00C04F79EFBC}") = "Bai2.2.7", "Bai2.2.7\Bai2.2.7.csproj", "{A62D2D8C-D6DA-4D0E-9851-A951665BE962}"
EndProject
Project("{FAE04EC0-301F-11D3-BF4B-00C04F79EFBC}") = "Bai2.2.8", "Bai2.2.8\Bai2.2.8.csproj", "{BC2FAD79-6768-443C-8B7B-42E6F3DB70CE}"
EndProject
Project("{FAE04EC0-301F-11D3-BF4B-00C04F79EFBC}") = "Bai2.2.9", "Bai2.2.9\Bai2.2.9.csproj", "{84B27180-0FBA-44E5-A928-D941D7EA4ED3}"
EndProject
Project("{FAE04EC0-301F-11D3-BF4B-00C04F79EFBC}") = "Bai2.210", "Bai2.2.10\Bai2.210.csproj", "{3413D109-93B5-41BF-B914-8AB58C711806}"
EndProject
Project("{FAE04EC0-301F-11D3-BF4B-00C04F79EFBC}") = "Bai2.4.7", "Bai2.4.7\Bai2.4.7.csproj", "{F31320B6-889E-4A40-9F20-527AB1BE9B98}"
EndProject
Project("{FAE04EC0-301F-11D3-BF4B-00C04F79EFBC}") = "Bai2.4.6", "Bai2.4.6\Bai2.4.6.csproj", "{563CCEEE-4D7B-4F07-9F87-C459EF848D22}"
EndProject
Project("{FAE04EC0-301F-11D3-BF4B-00C04F79EFBC}") = "Bai2.4.5", "Bai2.4.5\Bai2.4.5.csproj", "{50331B83-D7E7-4626-ADAF-92219F96C9AB}"
EndProject
Project("{FAE04EC0-301F-11D3-BF4B-00C04F79EFBC}") = "Bai2.4.4", "Bai2.4.4\Bai2.4.4.csproj", "{8E72B227-091B-4C32-8E80-952489BF1405}"
EndProject
Project("{FAE04EC0-301F-11D3-BF4B-00C04F79EFBC}") = "Bai2.4.3", "Bai2.4.3\Bai2.4.3.csproj", "{75872BEB-59C9-4774-84CA-BB52C5CCD032}"
EndProject
Project("{FAE04EC0-301F-11D3-BF4B-00C04F79EFBC}") = "Bai2.4.2", "Bai2.4.2\Bai2.4.2.csproj", "{01BD1329-CECE-465B-AC29-FC8033BD9BAD}"
EndProject
Project("{FAE04EC0-301F-11D3-BF4B-00C04F79EFBC}") = "Bai2.4.1", "Bai2.4.1\Bai2.4.1.csproj", "{44C2BD51-4A89-477F-B010-61F5484D7DDA}"
EndProject
Project("{FAE04EC0-301F-11D3-BF4B-00C04F79EFBC}") = "Bai2.3.4", "Bai2.3.4\Bai2.3.4.csproj", "{0046BBB4-E074-4080-B352-C8FBA66F84DF}"
EndProject
Project("{FAE04EC0-301F-11D3-BF4B-00C04F79EFBC}") = "Bai2.3.3", "Bai2.3.3\Bai2.3.3.csproj", "{0E01D7D0-03B0-4ADC-848C-DFD161DD495D}"
EndProject
Project("{FAE04EC0-301F-11D3-BF4B-00C04F79EFBC}") = "Bai2.3.2", "Bai2.3.2\Bai2.3.2.csproj", "{767C68AB-805B-46DD-94AD-BF6013B0F4FC}"
EndProject
Project("{FAE04EC0-301F-11D3-BF4B-00C04F79EFBC}") = "Bai2.3.1", "Bai2.3.1\Bai2.3.1.csproj", "{D08B8F9E-FFB7-48B1-8E42-F70237BB735E}"
EndProject
Project("{FAE04EC0-301F-11D3-BF4B-00C04F79EFBC}") = "Bai7.3", "Bai7.3\Bai7.3.csproj", "{80A0C50D-A8C1-4E86-9F80-13B224D6FB51}"
EndProject
Project("{FAE04EC0-301F-11D3-BF4B-00C04F79EFBC}") = "Bai7.4", "Bai7.4\Bai7.4.csproj", "{E4A1F3EA-F3CF-4BAE-80F1-89555675909C}"
EndProject
Project("{FAE04EC0-301F-11D3-BF4B-00C04F79EFBC}") = "Bai8.0", "Bai8.0\Bai8.0.csproj", "{CE25B320-7A1A-4B60-BA09-E3B588FED62F}"
EndProject
Project("{FAE04EC0-301F-11D3-BF4B-00C04F79EFBC}") = "Bai9.0", "Bai9.0\Bai9.0.csproj", "{44110BB1-FED2-4A38-8C0A-C44C42AD5242}"
EndProject
Project("{FAE04EC0-301F-11D3-BF4B-00C04F79EFBC}") = "Bai7.5", "Bai7.5\Bai7.5.csproj", "{E5F1EBEC-3AFA-4287-B416-ECD74A44DC49}"
EndProject
Project("{FAE04EC0-301F-11D3-BF4B-00C04F79EFBC}") = "Baii10.0", "Baii10\Baii10.0.csproj", "{AF14976B-63C2-418B-9E47-92BEF7F16A81}"
EndProject
Project("{FAE04EC0-301F-11D3-BF4B-00C04F79EFBC}") = "Baii11.0", "Baii11\Baii11.0.csproj", "{42C3C5A9-2C89-4FFC-8AEA-E643178EF2DA}"
EndProject
Global
	GlobalSection(SolutionConfigurationPlatforms) = preSolution
		Debug|Any CPU = Debug|Any CPU
		Release|Any CPU = Release|Any CPU
	EndGlobalSection
	GlobalSection(ProjectConfigurationPlatforms) = postSolution
		{2E930475-828C-401C-B2E1-EE03FFB95286}.Debug|Any CPU.ActiveCfg = Debug|Any CPU
		{2E930475-828C-401C-B2E1-EE03FFB95286}.Debug|Any CPU.Build.0 = Debug|Any CPU
		{2E930475-828C-401C-B2E1-EE03FFB95286}.Release|Any CPU.ActiveCfg = Release|Any CPU
		{2E930475-828C-401C-B2E1-EE03FFB95286}.Release|Any CPU.Build.0 = Release|Any CPU
		{04D8E59E-CABC-4B84-9FDC-ECAEA56AE4C5}.Debug|Any CPU.ActiveCfg = Debug|Any CPU
		{04D8E59E-CABC-4B84-9FDC-ECAEA56AE4C5}.Debug|Any CPU.Build.0 = Debug|Any CPU
		{04D8E59E-CABC-4B84-9FDC-ECAEA56AE4C5}.Release|Any CPU.ActiveCfg = Release|Any CPU
		{04D8E59E-CABC-4B84-9FDC-ECAEA56AE4C5}.Release|Any CPU.Build.0 = Release|Any CPU
		{F731C361-1DC9-42A4-BD3E-702AA51CAA6D}.Debug|Any CPU.ActiveCfg = Debug|Any CPU
		{F731C361-1DC9-42A4-BD3E-702AA51CAA6D}.Debug|Any CPU.Build.0 = Debug|Any CPU
		{F731C361-1DC9-42A4-BD3E-702AA51CAA6D}.Release|Any CPU.ActiveCfg = Release|Any CPU
		{F731C361-1DC9-42A4-BD3E-702AA51CAA6D}.Release|Any CPU.Build.0 = Release|Any CPU
		{6BE9647C-AF36-49BD-8B70-89798710AEF9}.Debug|Any CPU.ActiveCfg = Debug|Any CPU
		{6BE9647C-AF36-49BD-8B70-89798710AEF9}.Debug|Any CPU.Build.0 = Debug|Any CPU
		{6BE9647C-AF36-49BD-8B70-89798710AEF9}.Release|Any CPU.ActiveCfg = Release|Any CPU
		{6BE9647C-AF36-49BD-8B70-89798710AEF9}.Release|Any CPU.Build.0 = Release|Any CPU
		{847F2BAC-141F-4074-AD3E-A7A41B883460}.Debug|Any CPU.ActiveCfg = Debug|Any CPU
		{847F2BAC-141F-4074-AD3E-A7A41B883460}.Debug|Any CPU.Build.0 = Debug|Any CPU
		{847F2BAC-141F-4074-AD3E-A7A41B883460}.Release|Any CPU.ActiveCfg = Release|Any CPU
		{847F2BAC-141F-4074-AD3E-A7A41B883460}.Release|Any CPU.Build.0 = Release|Any CPU
		{446DADD5-484E-4D65-B80E-10C7459EA3BF}.Debug|Any CPU.ActiveCfg = Debug|Any CPU
		{446DADD5-484E-4D65-B80E-10C7459EA3BF}.Debug|Any CPU.Build.0 = Debug|Any CPU
		{446DADD5-484E-4D65-B80E-10C7459EA3BF}.Release|Any CPU.ActiveCfg = Release|Any CPU
		{446DADD5-484E-4D65-B80E-10C7459EA3BF}.Release|Any CPU.Build.0 = Release|Any CPU
		{C5527F5F-5A75-4F25-88E5-6D3276DA1484}.Debug|Any CPU.ActiveCfg = Debug|Any CPU
		{C5527F5F-5A75-4F25-88E5-6D3276DA1484}.Debug|Any CPU.Build.0 = Debug|Any CPU
		{C5527F5F-5A75-4F25-88E5-6D3276DA1484}.Release|Any CPU.ActiveCfg = Release|Any CPU
		{C5527F5F-5A75-4F25-88E5-6D3276DA1484}.Release|Any CPU.Build.0 = Release|Any CPU
		{59A45206-8035-4F3C-8F9E-2E51AF6346B9}.Debug|Any CPU.ActiveCfg = Debug|Any CPU
		{59A45206-8035-4F3C-8F9E-2E51AF6346B9}.Debug|Any CPU.Build.0 = Debug|Any CPU
		{59A45206-8035-4F3C-8F9E-2E51AF6346B9}.Release|Any CPU.ActiveCfg = Release|Any CPU
		{59A45206-8035-4F3C-8F9E-2E51AF6346B9}.Release|Any CPU.Build.0 = Release|Any CPU
		{E91D903E-C1A0-402F-8642-8EB881AA5E25}.Debug|Any CPU.ActiveCfg = Debug|Any CPU
		{E91D903E-C1A0-402F-8642-8EB881AA5E25}.Debug|Any CPU.Build.0 = Debug|Any CPU
		{E91D903E-C1A0-402F-8642-8EB881AA5E25}.Release|Any CPU.ActiveCfg = Release|Any CPU
		{E91D903E-C1A0-402F-8642-8EB881AA5E25}.Release|Any CPU.Build.0 = Release|Any CPU
		{14E2495B-0766-4C8D-AA07-EE2281FEDD2B}.Debug|Any CPU.ActiveCfg = Debug|Any CPU
		{14E2495B-0766-4C8D-AA07-EE2281FEDD2B}.Debug|Any CPU.Build.0 = Debug|Any CPU
		{14E2495B-0766-4C8D-AA07-EE2281FEDD2B}.Release|Any CPU.ActiveCfg = Release|Any CPU
		{14E2495B-0766-4C8D-AA07-EE2281FEDD2B}.Release|Any CPU.Build.0 = Release|Any CPU
		{0441851B-155B-4308-9AE9-EC2993E01969}.Debug|Any CPU.ActiveCfg = Debug|Any CPU
		{0441851B-155B-4308-9AE9-EC2993E01969}.Debug|Any CPU.Build.0 = Debug|Any CPU
		{0441851B-155B-4308-9AE9-EC2993E01969}.Release|Any CPU.ActiveCfg = Release|Any CPU
		{0441851B-155B-4308-9AE9-EC2993E01969}.Release|Any CPU.Build.0 = Release|Any CPU
		{3C0122DF-8E0C-42B9-A105-EABDDDE8FEF9}.Debug|Any CPU.ActiveCfg = Debug|Any CPU
		{3C0122DF-8E0C-42B9-A105-EABDDDE8FEF9}.Debug|Any CPU.Build.0 = Debug|Any CPU
		{3C0122DF-8E0C-42B9-A105-EABDDDE8FEF9}.Release|Any CPU.ActiveCfg = Release|Any CPU
		{3C0122DF-8E0C-42B9-A105-EABDDDE8FEF9}.Release|Any CPU.Build.0 = Release|Any CPU
		{62858047-BCC5-477B-BAE3-F33A311E857F}.Debug|Any CPU.ActiveCfg = Debug|Any CPU
		{62858047-BCC5-477B-BAE3-F33A311E857F}.Debug|Any CPU.Build.0 = Debug|Any CPU
		{62858047-BCC5-477B-BAE3-F33A311E857F}.Release|Any CPU.ActiveCfg = Release|Any CPU
		{62858047-BCC5-477B-BAE3-F33A311E857F}.Release|Any CPU.Build.0 = Release|Any CPU
		{176CCD5B-53C2-4608-BE90-CA70779EB131}.Debug|Any CPU.ActiveCfg = Debug|Any CPU
		{176CCD5B-53C2-4608-BE90-CA70779EB131}.Debug|Any CPU.Build.0 = Debug|Any CPU
		{176CCD5B-53C2-4608-BE90-CA70779EB131}.Release|Any CPU.ActiveCfg = Release|Any CPU
		{176CCD5B-53C2-4608-BE90-CA70779EB131}.Release|Any CPU.Build.0 = Release|Any CPU
		{8E6E4160-0924-402C-A761-B5CB7B36BDDF}.Debug|Any CPU.ActiveCfg = Debug|Any CPU
		{8E6E4160-0924-402C-A761-B5CB7B36BDDF}.Debug|Any CPU.Build.0 = Debug|Any CPU
		{8E6E4160-0924-402C-A761-B5CB7B36BDDF}.Release|Any CPU.ActiveCfg = Release|Any CPU
		{8E6E4160-0924-402C-A761-B5CB7B36BDDF}.Release|Any CPU.Build.0 = Release|Any CPU
		{F7DC0BA4-E2D7-4B7B-95ED-5DB1C561EA90}.Debug|Any CPU.ActiveCfg = Debug|Any CPU
		{F7DC0BA4-E2D7-4B7B-95ED-5DB1C561EA90}.Debug|Any CPU.Build.0 = Debug|Any CPU
		{F7DC0BA4-E2D7-4B7B-95ED-5DB1C561EA90}.Release|Any CPU.ActiveCfg = Release|Any CPU
		{F7DC0BA4-E2D7-4B7B-95ED-5DB1C561EA90}.Release|Any CPU.Build.0 = Release|Any CPU
		{BE7A1833-2153-4FAD-A8AD-716B0276F405}.Debug|Any CPU.ActiveCfg = Debug|Any CPU
		{BE7A1833-2153-4FAD-A8AD-716B0276F405}.Debug|Any CPU.Build.0 = Debug|Any CPU
		{BE7A1833-2153-4FAD-A8AD-716B0276F405}.Release|Any CPU.ActiveCfg = Release|Any CPU
		{BE7A1833-2153-4FAD-A8AD-716B0276F405}.Release|Any CPU.Build.0 = Release|Any CPU
		{AB256D71-A3E6-4043-A5B8-98FFC2E15C4E}.Debug|Any CPU.ActiveCfg = Debug|Any CPU
		{AB256D71-A3E6-4043-A5B8-98FFC2E15C4E}.Debug|Any CPU.Build.0 = Debug|Any CPU
		{AB256D71-A3E6-4043-A5B8-98FFC2E15C4E}.Release|Any CPU.ActiveCfg = Release|Any CPU
		{AB256D71-A3E6-4043-A5B8-98FFC2E15C4E}.Release|Any CPU.Build.0 = Release|Any CPU
		{6EC3C039-45B5-4442-A43D-E2D6231ED689}.Debug|Any CPU.ActiveCfg = Debug|Any CPU
		{6EC3C039-45B5-4442-A43D-E2D6231ED689}.Debug|Any CPU.Build.0 = Debug|Any CPU
		{6EC3C039-45B5-4442-A43D-E2D6231ED689}.Release|Any CPU.ActiveCfg = Release|Any CPU
		{6EC3C039-45B5-4442-A43D-E2D6231ED689}.Release|Any CPU.Build.0 = Release|Any CPU
		{0E815FF5-257E-449E-BCCD-45758D75458A}.Debug|Any CPU.ActiveCfg = Debug|Any CPU
		{0E815FF5-257E-449E-BCCD-45758D75458A}.Debug|Any CPU.Build.0 = Debug|Any CPU
		{0E815FF5-257E-449E-BCCD-45758D75458A}.Release|Any CPU.ActiveCfg = Release|Any CPU
		{0E815FF5-257E-449E-BCCD-45758D75458A}.Release|Any CPU.Build.0 = Release|Any CPU
		{773FC2B1-1A92-41F4-8A55-25D484337BCA}.Debug|Any CPU.ActiveCfg = Debug|Any CPU
		{773FC2B1-1A92-41F4-8A55-25D484337BCA}.Debug|Any CPU.Build.0 = Debug|Any CPU
		{773FC2B1-1A92-41F4-8A55-25D484337BCA}.Release|Any CPU.ActiveCfg = Release|Any CPU
		{773FC2B1-1A92-41F4-8A55-25D484337BCA}.Release|Any CPU.Build.0 = Release|Any CPU
		{E6625C3F-F78A-4FFD-875E-8D65DE066D2C}.Debug|Any CPU.ActiveCfg = Debug|Any CPU
		{E6625C3F-F78A-4FFD-875E-8D65DE066D2C}.Debug|Any CPU.Build.0 = Debug|Any CPU
		{E6625C3F-F78A-4FFD-875E-8D65DE066D2C}.Release|Any CPU.ActiveCfg = Release|Any CPU
		{E6625C3F-F78A-4FFD-875E-8D65DE066D2C}.Release|Any CPU.Build.0 = Release|Any CPU
		{2E7BA077-D058-438A-914C-DC72C1F683F2}.Debug|Any CPU.ActiveCfg = Debug|Any CPU
		{2E7BA077-D058-438A-914C-DC72C1F683F2}.Debug|Any CPU.Build.0 = Debug|Any CPU
		{2E7BA077-D058-438A-914C-DC72C1F683F2}.Release|Any CPU.ActiveCfg = Release|Any CPU
		{2E7BA077-D058-438A-914C-DC72C1F683F2}.Release|Any CPU.Build.0 = Release|Any CPU
		{840CB7BA-1B51-4DDB-86D0-6CDEA284357D}.Debug|Any CPU.ActiveCfg = Debug|Any CPU
		{840CB7BA-1B51-4DDB-86D0-6CDEA284357D}.Debug|Any CPU.Build.0 = Debug|Any CPU
		{840CB7BA-1B51-4DDB-86D0-6CDEA284357D}.Release|Any CPU.ActiveCfg = Release|Any CPU
		{840CB7BA-1B51-4DDB-86D0-6CDEA284357D}.Release|Any CPU.Build.0 = Release|Any CPU
		{BCCEC35A-A6E0-4474-A210-BF603A253D61}.Debug|Any CPU.ActiveCfg = Debug|Any CPU
		{BCCEC35A-A6E0-4474-A210-BF603A253D61}.Debug|Any CPU.Build.0 = Debug|Any CPU
		{BCCEC35A-A6E0-4474-A210-BF603A253D61}.Release|Any CPU.ActiveCfg = Release|Any CPU
		{BCCEC35A-A6E0-4474-A210-BF603A253D61}.Release|Any CPU.Build.0 = Release|Any CPU
		{CB05E72D-FA79-437B-8413-08D1EFE4B680}.Debug|Any CPU.ActiveCfg = Debug|Any CPU
		{CB05E72D-FA79-437B-8413-08D1EFE4B680}.Debug|Any CPU.Build.0 = Debug|Any CPU
		{CB05E72D-FA79-437B-8413-08D1EFE4B680}.Release|Any CPU.ActiveCfg = Release|Any CPU
		{CB05E72D-FA79-437B-8413-08D1EFE4B680}.Release|Any CPU.Build.0 = Release|Any CPU
		{10CABF69-40CB-4D9F-ABF8-1229CEBF08C7}.Debug|Any CPU.ActiveCfg = Debug|Any CPU
		{10CABF69-40CB-4D9F-ABF8-1229CEBF08C7}.Debug|Any CPU.Build.0 = Debug|Any CPU
		{10CABF69-40CB-4D9F-ABF8-1229CEBF08C7}.Release|Any CPU.ActiveCfg = Release|Any CPU
		{10CABF69-40CB-4D9F-ABF8-1229CEBF08C7}.Release|Any CPU.Build.0 = Release|Any CPU
		{450F7248-FF92-4A04-A5AC-0DE6599D2B35}.Debug|Any CPU.ActiveCfg = Debug|Any CPU
		{450F7248-FF92-4A04-A5AC-0DE6599D2B35}.Debug|Any CPU.Build.0 = Debug|Any CPU
		{450F7248-FF92-4A04-A5AC-0DE6599D2B35}.Release|Any CPU.ActiveCfg = Release|Any CPU
		{450F7248-FF92-4A04-A5AC-0DE6599D2B35}.Release|Any CPU.Build.0 = Release|Any CPU
		{D7467EF5-3851-48BD-B44B-DB6AC0B1654F}.Debug|Any CPU.ActiveCfg = Debug|Any CPU
		{D7467EF5-3851-48BD-B44B-DB6AC0B1654F}.Debug|Any CPU.Build.0 = Debug|Any CPU
		{D7467EF5-3851-48BD-B44B-DB6AC0B1654F}.Release|Any CPU.ActiveCfg = Release|Any CPU
		{D7467EF5-3851-48BD-B44B-DB6AC0B1654F}.Release|Any CPU.Build.0 = Release|Any CPU
		{D0CA718F-8E47-4BC7-B4F4-1B4741AFA84D}.Debug|Any CPU.ActiveCfg = Debug|Any CPU
		{D0CA718F-8E47-4BC7-B4F4-1B4741AFA84D}.Debug|Any CPU.Build.0 = Debug|Any CPU
		{D0CA718F-8E47-4BC7-B4F4-1B4741AFA84D}.Release|Any CPU.ActiveCfg = Release|Any CPU
		{D0CA718F-8E47-4BC7-B4F4-1B4741AFA84D}.Release|Any CPU.Build.0 = Release|Any CPU
		{B0B7886B-4502-4608-B6C9-BD3710FED64F}.Debug|Any CPU.ActiveCfg = Debug|Any CPU
		{B0B7886B-4502-4608-B6C9-BD3710FED64F}.Debug|Any CPU.Build.0 = Debug|Any CPU
		{B0B7886B-4502-4608-B6C9-BD3710FED64F}.Release|Any CPU.ActiveCfg = Release|Any CPU
		{B0B7886B-4502-4608-B6C9-BD3710FED64F}.Release|Any CPU.Build.0 = Release|Any CPU
		{911FF772-F62E-45F7-9185-035E067F1373}.Debug|Any CPU.ActiveCfg = Debug|Any CPU
		{911FF772-F62E-45F7-9185-035E067F1373}.Debug|Any CPU.Build.0 = Debug|Any CPU
		{911FF772-F62E-45F7-9185-035E067F1373}.Release|Any CPU.ActiveCfg = Release|Any CPU
		{911FF772-F62E-45F7-9185-035E067F1373}.Release|Any CPU.Build.0 = Release|Any CPU
		{A12CA189-A2EA-4CC4-BBF5-77767C10F913}.Debug|Any CPU.ActiveCfg = Debug|Any CPU
		{A12CA189-A2EA-4CC4-BBF5-77767C10F913}.Debug|Any CPU.Build.0 = Debug|Any CPU
		{A12CA189-A2EA-4CC4-BBF5-77767C10F913}.Release|Any CPU.ActiveCfg = Release|Any CPU
		{A12CA189-A2EA-4CC4-BBF5-77767C10F913}.Release|Any CPU.Build.0 = Release|Any CPU
		{C38AAE7C-75A6-48C0-80C3-BDB770E3728B}.Debug|Any CPU.ActiveCfg = Debug|Any CPU
		{C38AAE7C-75A6-48C0-80C3-BDB770E3728B}.Debug|Any CPU.Build.0 = Debug|Any CPU
		{C38AAE7C-75A6-48C0-80C3-BDB770E3728B}.Release|Any CPU.ActiveCfg = Release|Any CPU
		{C38AAE7C-75A6-48C0-80C3-BDB770E3728B}.Release|Any CPU.Build.0 = Release|Any CPU
		{70A06ED9-BA28-457E-A987-8000B1CD7328}.Debug|Any CPU.ActiveCfg = Debug|Any CPU
		{70A06ED9-BA28-457E-A987-8000B1CD7328}.Debug|Any CPU.Build.0 = Debug|Any CPU
		{70A06ED9-BA28-457E-A987-8000B1CD7328}.Release|Any CPU.ActiveCfg = Release|Any CPU
		{70A06ED9-BA28-457E-A987-8000B1CD7328}.Release|Any CPU.Build.0 = Release|Any CPU
		{FACA93B7-0461-4B22-AEC0-4D99D5BCFB35}.Debug|Any CPU.ActiveCfg = Debug|Any CPU
		{FACA93B7-0461-4B22-AEC0-4D99D5BCFB35}.Debug|Any CPU.Build.0 = Debug|Any CPU
		{FACA93B7-0461-4B22-AEC0-4D99D5BCFB35}.Release|Any CPU.ActiveCfg = Release|Any CPU
		{FACA93B7-0461-4B22-AEC0-4D99D5BCFB35}.Release|Any CPU.Build.0 = Release|Any CPU
		{603927D8-0C89-4855-9524-890CE9FC7E97}.Debug|Any CPU.ActiveCfg = Debug|Any CPU
		{603927D8-0C89-4855-9524-890CE9FC7E97}.Debug|Any CPU.Build.0 = Debug|Any CPU
		{603927D8-0C89-4855-9524-890CE9FC7E97}.Release|Any CPU.ActiveCfg = Release|Any CPU
		{603927D8-0C89-4855-9524-890CE9FC7E97}.Release|Any CPU.Build.0 = Release|Any CPU
		{A62D2D8C-D6DA-4D0E-9851-A951665BE962}.Debug|Any CPU.ActiveCfg = Debug|Any CPU
		{A62D2D8C-D6DA-4D0E-9851-A951665BE962}.Debug|Any CPU.Build.0 = Debug|Any CPU
		{A62D2D8C-D6DA-4D0E-9851-A951665BE962}.Release|Any CPU.ActiveCfg = Release|Any CPU
		{A62D2D8C-D6DA-4D0E-9851-A951665BE962}.Release|Any CPU.Build.0 = Release|Any CPU
		{BC2FAD79-6768-443C-8B7B-42E6F3DB70CE}.Debug|Any CPU.ActiveCfg = Debug|Any CPU
		{BC2FAD79-6768-443C-8B7B-42E6F3DB70CE}.Debug|Any CPU.Build.0 = Debug|Any CPU
		{BC2FAD79-6768-443C-8B7B-42E6F3DB70CE}.Release|Any CPU.ActiveCfg = Release|Any CPU
		{BC2FAD79-6768-443C-8B7B-42E6F3DB70CE}.Release|Any CPU.Build.0 = Release|Any CPU
		{84B27180-0FBA-44E5-A928-D941D7EA4ED3}.Debug|Any CPU.ActiveCfg = Debug|Any CPU
		{84B27180-0FBA-44E5-A928-D941D7EA4ED3}.Debug|Any CPU.Build.0 = Debug|Any CPU
		{84B27180-0FBA-44E5-A928-D941D7EA4ED3}.Release|Any CPU.ActiveCfg = Release|Any CPU
		{84B27180-0FBA-44E5-A928-D941D7EA4ED3}.Release|Any CPU.Build.0 = Release|Any CPU
		{3413D109-93B5-41BF-B914-8AB58C711806}.Debug|Any CPU.ActiveCfg = Debug|Any CPU
		{3413D109-93B5-41BF-B914-8AB58C711806}.Debug|Any CPU.Build.0 = Debug|Any CPU
		{3413D109-93B5-41BF-B914-8AB58C711806}.Release|Any CPU.ActiveCfg = Release|Any CPU
		{3413D109-93B5-41BF-B914-8AB58C711806}.Release|Any CPU.Build.0 = Release|Any CPU
		{F31320B6-889E-4A40-9F20-527AB1BE9B98}.Debug|Any CPU.ActiveCfg = Debug|Any CPU
		{F31320B6-889E-4A40-9F20-527AB1BE9B98}.Debug|Any CPU.Build.0 = Debug|Any CPU
		{F31320B6-889E-4A40-9F20-527AB1BE9B98}.Release|Any CPU.ActiveCfg = Release|Any CPU
		{F31320B6-889E-4A40-9F20-527AB1BE9B98}.Release|Any CPU.Build.0 = Release|Any CPU
		{563CCEEE-4D7B-4F07-9F87-C459EF848D22}.Debug|Any CPU.ActiveCfg = Debug|Any CPU
		{563CCEEE-4D7B-4F07-9F87-C459EF848D22}.Debug|Any CPU.Build.0 = Debug|Any CPU
		{563CCEEE-4D7B-4F07-9F87-C459EF848D22}.Release|Any CPU.ActiveCfg = Release|Any CPU
		{563CCEEE-4D7B-4F07-9F87-C459EF848D22}.Release|Any CPU.Build.0 = Release|Any CPU
		{50331B83-D7E7-4626-ADAF-92219F96C9AB}.Debug|Any CPU.ActiveCfg = Debug|Any CPU
		{50331B83-D7E7-4626-ADAF-92219F96C9AB}.Debug|Any CPU.Build.0 = Debug|Any CPU
		{50331B83-D7E7-4626-ADAF-92219F96C9AB}.Release|Any CPU.ActiveCfg = Release|Any CPU
		{50331B83-D7E7-4626-ADAF-92219F96C9AB}.Release|Any CPU.Build.0 = Release|Any CPU
		{8E72B227-091B-4C32-8E80-952489BF1405}.Debug|Any CPU.ActiveCfg = Debug|Any CPU
		{8E72B227-091B-4C32-8E80-952489BF1405}.Debug|Any CPU.Build.0 = Debug|Any CPU
		{8E72B227-091B-4C32-8E80-952489BF1405}.Release|Any CPU.ActiveCfg = Release|Any CPU
		{8E72B227-091B-4C32-8E80-952489BF1405}.Release|Any CPU.Build.0 = Release|Any CPU
		{75872BEB-59C9-4774-84CA-BB52C5CCD032}.Debug|Any CPU.ActiveCfg = Debug|Any CPU
		{75872BEB-59C9-4774-84CA-BB52C5CCD032}.Debug|Any CPU.Build.0 = Debug|Any CPU
		{75872BEB-59C9-4774-84CA-BB52C5CCD032}.Release|Any CPU.ActiveCfg = Release|Any CPU
		{75872BEB-59C9-4774-84CA-BB52C5CCD032}.Release|Any CPU.Build.0 = Release|Any CPU
		{01BD1329-CECE-465B-AC29-FC8033BD9BAD}.Debug|Any CPU.ActiveCfg = Debug|Any CPU
		{01BD1329-CECE-465B-AC29-FC8033BD9BAD}.Debug|Any CPU.Build.0 = Debug|Any CPU
		{01BD1329-CECE-465B-AC29-FC8033BD9BAD}.Release|Any CPU.ActiveCfg = Release|Any CPU
		{01BD1329-CECE-465B-AC29-FC8033BD9BAD}.Release|Any CPU.Build.0 = Release|Any CPU
		{44C2BD51-4A89-477F-B010-61F5484D7DDA}.Debug|Any CPU.ActiveCfg = Debug|Any CPU
		{44C2BD51-4A89-477F-B010-61F5484D7DDA}.Debug|Any CPU.Build.0 = Debug|Any CPU
		{44C2BD51-4A89-477F-B010-61F5484D7DDA}.Release|Any CPU.ActiveCfg = Release|Any CPU
		{44C2BD51-4A89-477F-B010-61F5484D7DDA}.Release|Any CPU.Build.0 = Release|Any CPU
		{0046BBB4-E074-4080-B352-C8FBA66F84DF}.Debug|Any CPU.ActiveCfg = Debug|Any CPU
		{0046BBB4-E074-4080-B352-C8FBA66F84DF}.Debug|Any CPU.Build.0 = Debug|Any CPU
		{0046BBB4-E074-4080-B352-C8FBA66F84DF}.Release|Any CPU.ActiveCfg = Release|Any CPU
		{0046BBB4-E074-4080-B352-C8FBA66F84DF}.Release|Any CPU.Build.0 = Release|Any CPU
		{0E01D7D0-03B0-4ADC-848C-DFD161DD495D}.Debug|Any CPU.ActiveCfg = Debug|Any CPU
		{0E01D7D0-03B0-4ADC-848C-DFD161DD495D}.Debug|Any CPU.Build.0 = Debug|Any CPU
		{0E01D7D0-03B0-4ADC-848C-DFD161DD495D}.Release|Any CPU.ActiveCfg = Release|Any CPU
		{0E01D7D0-03B0-4ADC-848C-DFD161DD495D}.Release|Any CPU.Build.0 = Release|Any CPU
		{767C68AB-805B-46DD-94AD-BF6013B0F4FC}.Debug|Any CPU.ActiveCfg = Debug|Any CPU
		{767C68AB-805B-46DD-94AD-BF6013B0F4FC}.Debug|Any CPU.Build.0 = Debug|Any CPU
		{767C68AB-805B-46DD-94AD-BF6013B0F4FC}.Release|Any CPU.ActiveCfg = Release|Any CPU
		{767C68AB-805B-46DD-94AD-BF6013B0F4FC}.Release|Any CPU.Build.0 = Release|Any CPU
		{D08B8F9E-FFB7-48B1-8E42-F70237BB735E}.Debug|Any CPU.ActiveCfg = Debug|Any CPU
		{D08B8F9E-FFB7-48B1-8E42-F70237BB735E}.Debug|Any CPU.Build.0 = Debug|Any CPU
		{D08B8F9E-FFB7-48B1-8E42-F70237BB735E}.Release|Any CPU.ActiveCfg = Release|Any CPU
		{D08B8F9E-FFB7-48B1-8E42-F70237BB735E}.Release|Any CPU.Build.0 = Release|Any CPU
		{80A0C50D-A8C1-4E86-9F80-13B224D6FB51}.Debug|Any CPU.ActiveCfg = Debug|Any CPU
		{80A0C50D-A8C1-4E86-9F80-13B224D6FB51}.Debug|Any CPU.Build.0 = Debug|Any CPU
		{80A0C50D-A8C1-4E86-9F80-13B224D6FB51}.Release|Any CPU.ActiveCfg = Release|Any CPU
		{80A0C50D-A8C1-4E86-9F80-13B224D6FB51}.Release|Any CPU.Build.0 = Release|Any CPU
		{E4A1F3EA-F3CF-4BAE-80F1-89555675909C}.Debug|Any CPU.ActiveCfg = Debug|Any CPU
		{E4A1F3EA-F3CF-4BAE-80F1-89555675909C}.Debug|Any CPU.Build.0 = Debug|Any CPU
		{E4A1F3EA-F3CF-4BAE-80F1-89555675909C}.Release|Any CPU.ActiveCfg = Release|Any CPU
		{E4A1F3EA-F3CF-4BAE-80F1-89555675909C}.Release|Any CPU.Build.0 = Release|Any CPU
		{CE25B320-7A1A-4B60-BA09-E3B588FED62F}.Debug|Any CPU.ActiveCfg = Debug|Any CPU
		{CE25B320-7A1A-4B60-BA09-E3B588FED62F}.Debug|Any CPU.Build.0 = Debug|Any CPU
		{CE25B320-7A1A-4B60-BA09-E3B588FED62F}.Release|Any CPU.ActiveCfg = Release|Any CPU
		{CE25B320-7A1A-4B60-BA09-E3B588FED62F}.Release|Any CPU.Build.0 = Release|Any CPU
		{44110BB1-FED2-4A38-8C0A-C44C42AD5242}.Debug|Any CPU.ActiveCfg = Debug|Any CPU
		{44110BB1-FED2-4A38-8C0A-C44C42AD5242}.Debug|Any CPU.Build.0 = Debug|Any CPU
		{44110BB1-FED2-4A38-8C0A-C44C42AD5242}.Release|Any CPU.ActiveCfg = Release|Any CPU
		{44110BB1-FED2-4A38-8C0A-C44C42AD5242}.Release|Any CPU.Build.0 = Release|Any CPU
		{E5F1EBEC-3AFA-4287-B416-ECD74A44DC49}.Debug|Any CPU.ActiveCfg = Debug|Any CPU
		{E5F1EBEC-3AFA-4287-B416-ECD74A44DC49}.Debug|Any CPU.Build.0 = Debug|Any CPU
		{E5F1EBEC-3AFA-4287-B416-ECD74A44DC49}.Release|Any CPU.ActiveCfg = Release|Any CPU
		{E5F1EBEC-3AFA-4287-B416-ECD74A44DC49}.Release|Any CPU.Build.0 = Release|Any CPU
		{AF14976B-63C2-418B-9E47-92BEF7F16A81}.Debug|Any CPU.ActiveCfg = Debug|Any CPU
		{AF14976B-63C2-418B-9E47-92BEF7F16A81}.Debug|Any CPU.Build.0 = Debug|Any CPU
		{AF14976B-63C2-418B-9E47-92BEF7F16A81}.Release|Any CPU.ActiveCfg = Release|Any CPU
		{AF14976B-63C2-418B-9E47-92BEF7F16A81}.Release|Any CPU.Build.0 = Release|Any CPU
		{42C3C5A9-2C89-4FFC-8AEA-E643178EF2DA}.Debug|Any CPU.ActiveCfg = Debug|Any CPU
		{42C3C5A9-2C89-4FFC-8AEA-E643178EF2DA}.Debug|Any CPU.Build.0 = Debug|Any CPU
		{42C3C5A9-2C89-4FFC-8AEA-E643178EF2DA}.Release|Any CPU.ActiveCfg = Release|Any CPU
		{42C3C5A9-2C89-4FFC-8AEA-E643178EF2DA}.Release|Any CPU.Build.0 = Release|Any CPU
	EndGlobalSection
	GlobalSection(SolutionProperties) = preSolution
		HideSolutionNode = FALSE
	EndGlobalSection
	GlobalSection(ExtensibilityGlobals) = postSolution
		SolutionGuid = {01EBD31D-BD75-4856-922A-B671FD3162F1}
	EndGlobalSection
EndGlobal
