
Microsoft Visual Studio Solution File, Format Version 12.00
# Visual Studio Version 17
VisualStudioVersion = 17.11.35303.130
MinimumVisualStudioVersion = 10.0.40219.1
Project("{FAE04EC0-301F-11D3-BF4B-00C04F79EFBC}") = "Bai3.1", "Bai 1\Bai3.1.csproj", "{E91D903E-C1A0-402F-8642-8EB881AA5E25}"
EndProject
Project("{FAE04EC0-301F-11D3-BF4B-00C04F79EFBC}") = "Bai3.2", "Bai02\Bai3.2.csproj", "{6BE9647C-AF36-49BD-8B70-89798710AEF9}"
EndProject
Project("{FAE04EC0-301F-11D3-BF4B-00C04F79EFBC}") = "Bai3.3", "Bai03\Bai3.3.csproj", "{847F2BAC-141F-4074-AD3E-A7A41B883460}"
EndProject
Project("{FAE04EC0-301F-11D3-BF4B-00C04F79EFBC}") = "Bai3.4", "Bai0.4\Bai3.4.csproj", "{446DADD5-484E-4D65-B80E-10C7459EA3BF}"
EndProject
Project("{FAE04EC0-301F-11D3-BF4B-00C04F79EFBC}") = "Bai3.5", "Bai05\Bai3.5.csproj", "{C5527F5F-5A75-4F25-88E5-6D3276DA1484}"
EndProject
Project("{FAE04EC0-301F-11D3-BF4B-00C04F79EFBC}") = "Bai4.1", "Bai4.1\Bai4.1.csproj", "{2E930475-828C-401C-B2E1-EE03FFB95286}"
EndProject
Project("{FAE04EC0-301F-11D3-BF4B-00C04F79EFBC}") = "Bai4.2", "Bai4.2\Bai4.2.csproj", "{04D8E59E-CABC-4B84-9FDC-ECAEA56AE4C5}"
EndProject
Project("{FAE04EC0-301F-11D3-BF4B-00C04F79EFBC}") = "Bai4.3", "Bai4.3\Bai4.3.csproj", "{F731C361-1DC9-42A4-BD3E-702AA51CAA6D}"
EndProject
Global
	GlobalSection(SolutionConfigurationPlatforms) = preSolution
		Debug|Any CPU = Debug|Any CPU
		Release|Any CPU = Release|Any CPU
	EndGlobalSection
	GlobalSection(ProjectConfigurationPlatforms) = postSolution
		{E91D903E-C1A0-402F-8642-8EB881AA5E25}.Debug|Any CPU.ActiveCfg = Debug|Any CPU
		{E91D903E-C1A0-402F-8642-8EB881AA5E25}.Debug|Any CPU.Build.0 = Debug|Any CPU
		{E91D903E-C1A0-402F-8642-8EB881AA5E25}.Release|Any CPU.ActiveCfg = Release|Any CPU
		{E91D903E-C1A0-402F-8642-8EB881AA5E25}.Release|Any CPU.Build.0 = Release|Any CPU
		{6BE9647C-AF36-49BD-8B70-89798710AEF9}.Debug|Any CPU.ActiveCfg = Debug|Any CPU
		{6BE9647C-AF36-49BD-8B70-89798710AEF9}.Debug|Any CPU.Build.0 = Debug|Any CPU
		{6BE9647C-AF36-49BD-8B70-89798710AEF9}.Release|Any CPU.ActiveCfg = Release|Any CPU
		{6BE9647C-AF36-49BD-8B70-89798710AEF9}.Release|Any CPU.Build.0 = Release|Any CPU
		{847F2BAC-141F-4074-AD3E-A7A41B883460}.Debug|Any CPU.ActiveCfg = Debug|Any CPU
		{847F2BAC-141F-4074-AD3E-A7A41B883460}.Debug|Any CPU.Build.0 = Debug|Any CPU
		{847F2BAC-141F-4074-AD3E-A7A41B883460}.Release|Any CPU.ActiveCfg = Release|Any CPU
		{847F2BAC-141F-4074-AD3E-A7A41B883460}.Release|Any CPU.Build.0 = Release|Any CPU
		{446DADD5-484E-4D65-B80E-10C7459EA3BF}.Debug|Any CPU.ActiveCfg = Debug|Any CPU
		{446DADD5-484E-4D65-B80E-10C7459EA3BF}.Debug|Any CPU.Build.0 = Debug|Any CPU
		{446DADD5-484E-4D65-B80E-10C7459EA3BF}.Release|Any CPU.ActiveCfg = Release|Any CPU
		{446DADD5-484E-4D65-B80E-10C7459EA3BF}.Release|Any CPU.Build.0 = Release|Any CPU
		{C5527F5F-5A75-4F25-88E5-6D3276DA1484}.Debug|Any CPU.ActiveCfg = Debug|Any CPU
		{C5527F5F-5A75-4F25-88E5-6D3276DA1484}.Debug|Any CPU.Build.0 = Debug|Any CPU
		{C5527F5F-5A75-4F25-88E5-6D3276DA1484}.Release|Any CPU.ActiveCfg = Release|Any CPU
		{C5527F5F-5A75-4F25-88E5-6D3276DA1484}.Release|Any CPU.Build.0 = Release|Any CPU
		{2E930475-828C-401C-B2E1-EE03FFB95286}.Debug|Any CPU.ActiveCfg = Debug|Any CPU
		{2E930475-828C-401C-B2E1-EE03FFB95286}.Debug|Any CPU.Build.0 = Debug|Any CPU
		{2E930475-828C-401C-B2E1-EE03FFB95286}.Release|Any CPU.ActiveCfg = Release|Any CPU
		{2E930475-828C-401C-B2E1-EE03FFB95286}.Release|Any CPU.Build.0 = Release|Any CPU
		{04D8E59E-CABC-4B84-9FDC-ECAEA56AE4C5}.Debug|Any CPU.ActiveCfg = Debug|Any CPU
		{04D8E59E-CABC-4B84-9FDC-ECAEA56AE4C5}.Debug|Any CPU.Build.0 = Debug|Any CPU
		{04D8E59E-CABC-4B84-9FDC-ECAEA56AE4C5}.Release|Any CPU.ActiveCfg = Release|Any CPU
		{04D8E59E-CABC-4B84-9FDC-ECAEA56AE4C5}.Release|Any CPU.Build.0 = Release|Any CPU
		{F731C361-1DC9-42A4-BD3E-702AA51CAA6D}.Debug|Any CPU.ActiveCfg = Debug|Any CPU
		{F731C361-1DC9-42A4-BD3E-702AA51CAA6D}.Debug|Any CPU.Build.0 = Debug|Any CPU
		{F731C361-1DC9-42A4-BD3E-702AA51CAA6D}.Release|Any CPU.ActiveCfg = Release|Any CPU
		{F731C361-1DC9-42A4-BD3E-702AA51CAA6D}.Release|Any CPU.Build.0 = Release|Any CPU
	EndGlobalSection
	GlobalSection(SolutionProperties) = preSolution
		HideSolutionNode = FALSE
	EndGlobalSection
	GlobalSection(ExtensibilityGlobals) = postSolution
		SolutionGuid = {01EBD31D-BD75-4856-922A-B671FD3162F1}
	EndGlobalSection
EndGlobal
